
Microsoft Visual Studio Solution File, Format Version 12.00
# Visual Studio 15
VisualStudioVersion = 15.0.28010.2046
MinimumVisualStudioVersion = 10.0.40219.1
Project("{9A19103F-16F7-4668-BE54-9A1E7A4F7556}") = "AspNet.Mvc.TypedRouting", "src\AspNet.Mvc.TypedRouting\AspNet.Mvc.TypedRouting.csproj", "{7B8B55EC-234C-46FD-8CF8-92A10F5BDF44}"
EndProject
Project("{9A19103F-16F7-4668-BE54-9A1E7A4F7556}") = "TypedRoutingWebSite", "samples\TypedRoutingWebSite\TypedRoutingWebSite.csproj", "{17272047-07CB-428E-A5F6-4EC2176830E9}"
EndProject
Project("{9A19103F-16F7-4668-BE54-9A1E7A4F7556}") = "AspNet.Mvc.TypedRouting.Test", "test\AspNet.Mvc.TypedRouting.Test\AspNet.Mvc.TypedRouting.Test.csproj", "{F4C64C03-4BDA-415D-A220-977FE17FBF3F}"
EndProject
Project("{9A19103F-16F7-4668-BE54-9A1E7A4F7556}") = "TypedRoutingWebSite.Test", "test\TypedRoutingWebSite.Test\TypedRoutingWebSite.Test.csproj", "{6088C406-B61B-4613-8FCC-2F6BF69D1904}"
EndProject
Global
	GlobalSection(SolutionConfigurationPlatforms) = preSolution
		Debug|Any CPU = Debug|Any CPU
		Release|Any CPU = Release|Any CPU
	EndGlobalSection
	GlobalSection(ProjectConfigurationPlatforms) = postSolution
		{7B8B55EC-234C-46FD-8CF8-92A10F5BDF44}.Debug|Any CPU.ActiveCfg = Debug|Any CPU
		{7B8B55EC-234C-46FD-8CF8-92A10F5BDF44}.Debug|Any CPU.Build.0 = Debug|Any CPU
		{7B8B55EC-234C-46FD-8CF8-92A10F5BDF44}.Release|Any CPU.ActiveCfg = Release|Any CPU
		{7B8B55EC-234C-46FD-8CF8-92A10F5BDF44}.Release|Any CPU.Build.0 = Release|Any CPU
		{17272047-07CB-428E-A5F6-4EC2176830E9}.Debug|Any CPU.ActiveCfg = Debug|Any CPU
		{17272047-07CB-428E-A5F6-4EC2176830E9}.Debug|Any CPU.Build.0 = Debug|Any CPU
		{17272047-07CB-428E-A5F6-4EC2176830E9}.Release|Any CPU.ActiveCfg = Release|Any CPU
		{17272047-07CB-428E-A5F6-4EC2176830E9}.Release|Any CPU.Build.0 = Release|Any CPU
		{F4C64C03-4BDA-415D-A220-977FE17FBF3F}.Debug|Any CPU.ActiveCfg = Debug|Any CPU
		{F4C64C03-4BDA-415D-A220-977FE17FBF3F}.Debug|Any CPU.Build.0 = Debug|Any CPU
		{F4C64C03-4BDA-415D-A220-977FE17FBF3F}.Release|Any CPU.ActiveCfg = Release|Any CPU
		{F4C64C03-4BDA-415D-A220-977FE17FBF3F}.Release|Any CPU.Build.0 = Release|Any CPU
		{6088C406-B61B-4613-8FCC-2F6BF69D1904}.Debug|Any CPU.ActiveCfg = Debug|Any CPU
		{6088C406-B61B-4613-8FCC-2F6BF69D1904}.Debug|Any CPU.Build.0 = Debug|Any CPU
		{6088C406-B61B-4613-8FCC-2F6BF69D1904}.Release|Any CPU.ActiveCfg = Release|Any CPU
		{6088C406-B61B-4613-8FCC-2F6BF69D1904}.Release|Any CPU.Build.0 = Release|Any CPU
	EndGlobalSection
	GlobalSection(SolutionProperties) = preSolution
		HideSolutionNode = FALSE
	EndGlobalSection
	GlobalSection(ExtensibilityGlobals) = postSolution
		SolutionGuid = {6E2445E1-AA20-4A57-921A-0FE35C8652B5}
	EndGlobalSection
EndGlobal
